<?xml version="1.0" encoding="utf-8"?>
<Project ToolsVersion="4.0" xmlns="http://schemas.microsoft.com/developer/msbuild/2003">
  <ItemGroup>
    <Filter Include="Source Files">
      <UniqueIdentifier>{4FC737F1-C7A5-4376-A066-2A32D752A2FF}</UniqueIdentifier>
      <Extensions>cpp;c;cc;cxx;def;odl;idl;hpj;bat;asm;asmx</Extensions>
    </Filter>
    <Filter Include="Header Files">
      <UniqueIdentifier>{93995380-89BD-4b04-88EB-625FBE52EBFB}</UniqueIdentifier>
      <Extensions>h;hpp;hxx;hm;inl;inc;xsd</Extensions>
    </Filter>
    <Filter Include="Resource Files">
      <UniqueIdentifier>{67DA6AB6-F800-4c08-8B7A-83BB121AAD01}</UniqueIdentifier>
      <Extensions>rc;ico;cur;bmp;dlg;rc2;rct;bin;rgs;gif;jpg;jpeg;jpe;resx;tiff;tif;png;wav;mfcribbon-ms</Extensions>
    </Filter>
  </ItemGroup>
  <ItemGroup>
    <ClCompile Include="main.cpp">
      <Filter>Source Files</Filter>
    </ClCompile>
    <ClCompile Include="Lab1.cpp">
      <Filter>Source Files</Filter>
    </ClCompile>
    <ClCompile Include="Setup.cpp">
      <Filter>Source Files</Filter>
    </ClCompile>
    <ClCompile Include="Shader.cpp">
      <Filter>Source Files</Filter>
    </ClCompile>
    <ClCompile Include="ObjectBuffer.cpp">
      <Filter>Source Files</Filter>
    </ClCompile>
    <ClCompile Include="Camera.cpp">
      <Filter>Source Files</Filter>
    </ClCompile>
    <ClCompile Include="Lab2.cpp">
      <Filter>Source Files</Filter>
    </ClCompile>
    <ClCompile Include="Bone.cpp">
      <Filter>Source Files</Filter>
    </ClCompile>
    <ClCompile Include="Skeleton.cpp">
      <Filter>Source Files</Filter>
    </ClCompile>
    <ClCompile Include="Lab3.cpp">
      <Filter>Source Files</Filter>
    </ClCompile>
    <ClCompile Include="ArmSkeleton.cpp">
      <Filter>Source Files</Filter>
    </ClCompile>
    <ClCompile Include="Lab3Model.cpp">
      <Filter>Source Files</Filter>
    </ClCompile>
    <ClCompile Include="HumanSkeleton.cpp">
      <Filter>Source Files</Filter>
    </ClCompile>
    <ClCompile Include="Keyframe.cpp">
      <Filter>Source Files</Filter>
    </ClCompile>
    <ClCompile Include="KeyframeControl.cpp">
      <Filter>Source Files</Filter>
    </ClCompile>
    <ClCompile Include="math_3d.cpp">
      <Filter>Header Files</Filter>
    </ClCompile>
    <ClCompile Include="maths_funcs.cpp">
      <Filter>Header Files</Filter>
    </ClCompile>
    <ClCompile Include="skinning_technique.cpp">
      <Filter>Header Files</Filter>
    </ClCompile>
    <ClCompile Include="ogldev_texture.cpp">
      <Filter>Source Files</Filter>
    </ClCompile>
    <ClCompile Include="ogldev_util.cpp">
      <Filter>Source Files</Filter>
    </ClCompile>
    <ClCompile Include="Mesh.cpp">
      <Filter>Source Files</Filter>
    </ClCompile>
  </ItemGroup>
  <ItemGroup>
    <None Include="diffuse.ps">
      <Filter>Resource Files</Filter>
    </None>
    <None Include="diffuse.vs">
      <Filter>Resource Files</Filter>
    </None>
    <None Include="skinning.fs">
      <Filter>Resource Files</Filter>
    </None>
    <None Include="skinning.vs">
      <Filter>Resource Files</Filter>
    </None>
  </ItemGroup>
  <ItemGroup>
    <ClInclude Include="Lab1.h">
      <Filter>Header Files</Filter>
    </ClInclude>
    <ClInclude Include="Setup.h">
      <Filter>Header Files</Filter>
    </ClInclude>
    <ClInclude Include="Shader.h">
      <Filter>Header Files</Filter>
    </ClInclude>
    <ClInclude Include="ObjectBuffer.h">
      <Filter>Header Files</Filter>
    </ClInclude>
    <ClInclude Include="Camera.h">
      <Filter>Header Files</Filter>
    </ClInclude>
    <ClInclude Include="Cylinder.h">
      <Filter>Header Files</Filter>
    </ClInclude>
    <ClInclude Include="Lab2.h">
      <Filter>Header Files</Filter>
    </ClInclude>
    <ClInclude Include="Bone.h">
      <Filter>Header Files</Filter>
    </ClInclude>
    <ClInclude Include="Skeleton.h">
      <Filter>Header Files</Filter>
    </ClInclude>
    <ClInclude Include="Lab3.h">
      <Filter>Header Files</Filter>
    </ClInclude>
    <ClInclude Include="ArmSkeleton.h">
      <Filter>Header Files</Filter>
    </ClInclude>
    <ClInclude Include="Lab3Model.h">
      <Filter>Header Files</Filter>
    </ClInclude>
    <ClInclude Include="HumanSkeleton.h">
      <Filter>Header Files</Filter>
    </ClInclude>
    <ClInclude Include="Keyframe.h">
      <Filter>Header Files</Filter>
    </ClInclude>
    <ClInclude Include="KeyframeControl.h">
      <Filter>Header Files</Filter>
    </ClInclude>
    <ClInclude Include="engine_common.h">
      <Filter>Header Files</Filter>
    </ClInclude>
    <ClInclude Include="maths_funcs.h">
      <Filter>Header Files</Filter>
    </ClInclude>
    <ClInclude Include="ogldev_app.h">
      <Filter>Header Files</Filter>
    </ClInclude>
    <ClInclude Include="ogldev_math_3d.h">
      <Filter>Header Files</Filter>
    </ClInclude>
    <ClInclude Include="skinning_technique.h">
      <Filter>Header Files</Filter>
    </ClInclude>
    <ClInclude Include="ogldev_texture.h">
      <Filter>Header Files</Filter>
    </ClInclude>
    <ClInclude Include="ogldev_util.h">
      <Filter>Header Files</Filter>
    </ClInclude>
    <ClInclude Include="technique.h">
      <Filter>Header Files</Filter>
    </ClInclude>
    <ClInclude Include="Mesh.h">
      <Filter>Header Files</Filter>
    </ClInclude>
  </ItemGroup>
  <ItemGroup>
    <Text Include="simpleFragmentShader.txt" />
    <Text Include="simpleVertexShader.txt" />
  </ItemGroup>
</Project>